// !$*UTF8*$!
{
	archiveVersion = 1;
	classes = {
	};
	objectVersion = 50;
	objects = {

/* Begin PBXBuildFile section */
		6D611F8023EF45CB0080DAEE /* AppDelegate.swift in Sources */ = {isa = PBXBuildFile; fileRef = 6D611F7F23EF45CB0080DAEE /* AppDelegate.swift */; };
		6D611F8223EF45CB0080DAEE /* SceneDelegate.swift in Sources */ = {isa = PBXBuildFile; fileRef = 6D611F8123EF45CB0080DAEE /* SceneDelegate.swift */; };
		6D611F8423EF45CB0080DAEE /* ViewController.swift in Sources */ = {isa = PBXBuildFile; fileRef = 6D611F8323EF45CB0080DAEE /* ViewController.swift */; };
		6D611F8723EF45CB0080DAEE /* Main.storyboard in Resources */ = {isa = PBXBuildFile; fileRef = 6D611F8523EF45CB0080DAEE /* Main.storyboard */; };
		6D611F8923EF45CE0080DAEE /* Assets.xcassets in Resources */ = {isa = PBXBuildFile; fileRef = 6D611F8823EF45CE0080DAEE /* Assets.xcassets */; };
		6D611F8C23EF45CE0080DAEE /* LaunchScreen.storyboard in Resources */ = {isa = PBXBuildFile; fileRef = 6D611F8A23EF45CE0080DAEE /* LaunchScreen.storyboard */; };
/* End PBXBuildFile section */

/* Begin PBXFileReference section */
		6D611F7C23EF45CB0080DAEE /* Flashcard.app */ = {isa = PBXFileReference; explicitFileType = wrapper.application; includeInIndex = 0; path = Flashcard.app; sourceTree = BUILT_PRODUCTS_DIR; };
		6D611F7F23EF45CB0080DAEE /* AppDelegate.swift */ = {isa = PBXFileReference; lastKnownFileType = sourcecode.swift; path = AppDelegate.swift; sourceTree = "<group>"; };
		6D611F8123EF45CB0080DAEE /* SceneDelegate.swift */ = {isa = PBXFileReference; lastKnownFileType = sourcecode.swift; path = SceneDelegate.swift; sourceTree = "<group>"; };
		6D611F8323EF45CB0080DAEE /* ViewController.swift */ = {isa = PBXFileReference; lastKnownFileType = sourcecode.swift; path = ViewController.swift; sourceTree = "<group>"; };
		6D611F8623EF45CB0080DAEE /* Base */ = {isa = PBXFileReference; lastKnownFileType = file.storyboard; name = Base; path = Base.lproj/Main.storyboard; sourceTree = "<group>"; };
		6D611F8823EF45CE0080DAEE /* Assets.xcassets */ = {isa = PBXFileReference; lastKnownFileType = folder.assetcatalog; path = Assets.xcassets; sourceTree = "<group>"; };
		6D611F8B23EF45CE0080DAEE /* Base */ = {isa = PBXFileReference; lastKnownFileType = file.storyboard; name = Base; path = Base.lproj/LaunchScreen.storyboard; sourceTree = "<group>"; };
		6D611F8D23EF45CE0080DAEE /* Info.plist */ = {isa = PBXFileReference; lastKnownFileType = text.plist.xml; path = Info.plist; sourceTree = "<group>"; };
/* End PBXFileReference section */

/* Begin PBXFrameworksBuildPhase section */
		6D611F7923EF45CB0080DAEE /* Frameworks */ = {
			isa = PBXFrameworksBuildPhase;
			buildActionMask = 2147483647;
			files = (
			);
			runOnlyForDeploymentPostprocessing = 0;
		};
/* End PBXFrameworksBuildPhase section */

/* Begin PBXGroup section */
		6D611F7323EF45CB0080DAEE = {
			isa = PBXGroup;
			children = (
				6D611F7E23EF45CB0080DAEE /* Flashcard */,
				6D611F7D23EF45CB0080DAEE /* Products */,
			);
			sourceTree = "<group>";
		};
		6D611F7D23EF45CB0080DAEE /* Products */ = {
			isa = PBXGroup;
			children = (
				6D611F7C23EF45CB0080DAEE /* Flashcard.app */,
			);
			name = Products;
			sourceTree = "<group>";
		};
		6D611F7E23EF45CB0080DAEE /* Flashcard */ = {
			isa = PBXGroup;
			children = (
				6D611F7F23EF45CB0080DAEE /* AppDelegate.swift */,
				6D611F8123EF45CB0080DAEE /* SceneDelegate.swift */,
				6D611F8323EF45CB0080DAEE /* ViewController.swift */,
				6D611F8523EF45CB0080DAEE /* Main.storyboard */,
				6D611F8823EF45CE0080DAEE /* Assets.xcassets */,
				6D611F8A23EF45CE0080DAEE /* LaunchScreen.storyboard */,
				6D611F8D23EF45CE0080DAEE /* Info.plist */,
			);
			path = Flashcard;
			sourceTree = "<group>";
		};
/* End PBXGroup section */

/* Begin PBXNativeTarget section */
		6D611F7B23EF45CB0080DAEE /* Flashcard */ = {
			isa = PBXNativeTarget;
			buildConfigurationList = 6D611F9023EF45CE0080DAEE /* Build configuration list for PBXNativeTarget "Flashcard" */;
			buildPhases = (
				6D611F7823EF45CB0080DAEE /* Sources */,
				6D611F7923EF45CB0080DAEE /* Frameworks */,
				6D611F7A23EF45CB0080DAEE /* Resources */,
			);
			buildRules = (
			);
			dependencies = (
			);
			name = Flashcard;
			productName = Flashcard;
			productReference = 6D611F7C23EF45CB0080DAEE /* Flashcard.app */;
			productType = "com.apple.product-type.application";
		};
/* End PBXNativeTarget section */

/* Begin PBXProject section */
		6D611F7423EF45CB0080DAEE /* Project object */ = {
			isa = PBXProject;
			attributes = {
				LastSwiftUpdateCheck = 1110;
				LastUpgradeCheck = 1110;
				ORGANIZATIONNAME = "Justin Galang";
				TargetAttributes = {
					6D611F7B23EF45CB0080DAEE = {
						CreatedOnToolsVersion = 11.1;
					};
				};
			};
			buildConfigurationList = 6D611F7723EF45CB0080DAEE /* Build configuration list for PBXProject "Flashcard" */;
			compatibilityVersion = "Xcode 9.3";
			developmentRegion = en;
			hasScannedForEncodings = 0;
			knownRegions = (
				en,
				Base,
			);
			mainGroup = 6D611F7323EF45CB0080DAEE;
			productRefGroup = 6D611F7D23EF45CB0080DAEE /* Products */;
			projectDirPath = "";
			projectRoot = "";
			targets = (
				6D611F7B23EF45CB0080DAEE /* Flashcard */,
			);
		};
/* End PBXProject section */

/* Begin PBXResourcesBuildPhase section */
		6D611F7A23EF45CB0080DAEE /* Resources */ = {
			isa = PBXResourcesBuildPhase;
			buildActionMask = 2147483647;
			files = (
				6D611F8C23EF45CE0080DAEE /* LaunchScreen.storyboard in Resources */,
				6D611F8923EF45CE0080DAEE /* Assets.xcassets in Resources */,
				6D611F8723EF45CB0080DAEE /* Main.storyboard in Resources */,
			);
			runOnlyForDeploymentPostprocessing = 0;
		};
/* End PBXResourcesBuildPhase section */

/* Begin PBXSourcesBuildPhase section */
		6D611F7823EF45CB0080DAEE /* Sources */ = {
			isa = PBXSourcesBuildPhase;
			buildActionMask = 2147483647;
			files = (
				6D611F8423EF45CB0080DAEE /* ViewController.swift in Sources */,
				6D611F8023EF45CB0080DAEE /* AppDelegate.swift in Sources */,
				6D611F8223EF45CB0080DAEE /* SceneDelegate.swift in Sources */,
			);
			runOnlyForDeploymentPostprocessing = 0;
		};
/* End PBXSourcesBuildPhase section */

/* Begin PBXVariantGroup section */
		6D611F8523EF45CB0080DAEE /* Main.storyboard */ = {
			isa = PBXVariantGroup;
			children = (
				6D611F8623EF45CB0080DAEE /* Base */,
			);
			name = Main.storyboard;
			sourceTree = "<group>";
		};
		6D611F8A23EF45CE0080DAEE /* LaunchScreen.storyboard */ = {
			isa = PBXVariantGroup;
			children = (
				6D611F8B23EF45CE0080DAEE /* Base */,
			);
			name = LaunchScreen.storyboard;
			sourceTree = "<group>";
		};
/* End PBXVariantGroup section */

/* Begin XCBuildConfiguration section */
		6D611F8E23EF45CE0080DAEE /* Debug */ = {
			isa = XCBuildConfiguration;
			buildSettings = {
				ALWAYS_SEARCH_USER_PATHS = NO;
				CLANG_ANALYZER_NONNULL = YES;
				CLANG_ANALYZER_NUMBER_OBJECT_CONVERSION = YES_AGGRESSIVE;
				CLANG_CXX_LANGUAGE_STANDARD = "gnu++14";
				CLANG_CXX_LIBRARY = "libc++";
				CLANG_ENABLE_MODULES = YES;
				CLANG_ENABLE_OBJC_ARC = YES;
				CLANG_ENABLE_OBJC_WEAK = YES;
				CLANG_WARN_BLOCK_CAPTURE_AUTORELEASING = YES;
				CLANG_WARN_BOOL_CONVERSION = YES;
				CLANG_WARN_COMMA = YES;
				CLANG_WARN_CONSTANT_CONVERSION = YES;
				CLANG_WARN_DEPRECATED_OBJC_IMPLEMENTATIONS = YES;
				CLANG_WARN_DIRECT_OBJC_ISA_USAGE = YES_ERROR;
				CLANG_WARN_DOCUMENTATION_COMMENTS = YES;
				CLANG_WARN_EMPTY_BODY = YES;
				CLANG_WARN_ENUM_CONVERSION = YES;
				CLANG_WARN_INFINITE_RECURSION = YES;
				CLANG_WARN_INT_CONVERSION = YES;
				CLANG_WARN_NON_LITERAL_NULL_CONVERSION = YES;
				CLANG_WARN_OBJC_IMPLICIT_RETAIN_SELF = YES;
				CLANG_WARN_OBJC_LITERAL_CONVERSION = YES;
				CLANG_WARN_OBJC_ROOT_CLASS = YES_ERROR;
				CLANG_WARN_RANGE_LOOP_ANALYSIS = YES;
				CLANG_WARN_STRICT_PROTOTYPES = YES;
				CLANG_WARN_SUSPICIOUS_MOVE = YES;
				CLANG_WARN_UNGUARDED_AVAILABILITY = YES_AGGRESSIVE;
				CLANG_WARN_UNREACHABLE_CODE = YES;
				CLANG_WARN__DUPLICATE_METHOD_MATCH = YES;
				COPY_PHASE_STRIP = NO;
				DEBUG_INFORMATION_FORMAT = dwarf;
				ENABLE_STRICT_OBJC_MSGSEND = YES;
				ENABLE_TESTABILITY = YES;
				GCC_C_LANGUAGE_STANDARD = gnu11;
				GCC_DYNAMIC_NO_PIC = NO;
				GCC_NO_COMMON_BLOCKS = YES;
				GCC_OPTIMIZATION_LEVEL = 0;
				GCC_PREPROCESSOR_DEFINITIONS = (
					"DEBUG=1",
					"$(inherited)",
				);
				GCC_WARN_64_TO_32_BIT_CONVERSION = YES;
				GCC_WARN_ABOUT_RETURN_TYPE = YES_ERROR;
				GCC_WARN_UNDECLARED_SELECTOR = YES;
				GCC_WARN_UNINITIALIZED_AUTOS = YES_AGGRESSIVE;
				GCC_WARN_UNUSED_FUNCTION = YES;
				GCC_WARN_UNUSED_VARIABLE = YES;
				IPHONEOS_DEPLOYMENT_TARGET = 13.1;
				MTL_ENABLE_DEBUG_INFO = INCLUDE_SOURCE;
				MTL_FAST_MATH = YES;
				ONLY_ACTIVE_ARCH = YES;
				SDKROOT = iphoneos;
				SWIFT_ACTIVE_COMPILATION_CONDITIONS = DEBUG;
				SWIFT_OPTIMIZATION_LEVEL = "-Onone";
			};
			name = Debug;
		};
		6D611F8F23EF45CE0080DAEE /* Release */ = {
			isa = XCBuildConfiguration;
			buildSettings = {
				ALWAYS_SEARCH_USER_PATHS = NO;
				CLANG_ANALYZER_NONNULL = YES;
				CLANG_ANALYZER_NUMBER_OBJECT_CONVERSION = YES_AGGRESSIVE;
				CLANG_CXX_LANGUAGE_STANDARD = "gnu++14";
				CLANG_CXX_LIBRARY = "libc++";
				CLANG_ENABLE_MODULES = YES;
				CLANG_ENABLE_OBJC_ARC = YES;
				CLANG_ENABLE_OBJC_WEAK = YES;
				CLANG_WARN_BLOCK_CAPTURE_AUTORELEASING = YES;
				CLANG_WARN_BOOL_CONVERSION = YES;
				CLANG_WARN_COMMA = YES;
				CLANG_WARN_CONSTANT_CONVERSION = YES;
				CLANG_WARN_DEPRECATED_OBJC_IMPLEMENTATIONS = YES;
				CLANG_WARN_DIRECT_OBJC_ISA_USAGE = YES_ERROR;
				CLANG_WARN_DOCUMENTATION_COMMENTS = YES;
				CLANG_WARN_EMPTY_BODY = YES;
				CLANG_WARN_ENUM_CONVERSION = YES;
				CLANG_WARN_INFINITE_RECURSION = YES;
				CLANG_WARN_INT_CONVERSION = YES;
				CLANG_WARN_NON_LITERAL_NULL_CONVERSION = YES;
				CLANG_WARN_OBJC_IMPLICIT_RETAIN_SELF = YES;
				CLANG_WARN_OBJC_LITERAL_CONVERSION = YES;
				CLANG_WARN_OBJC_ROOT_CLASS = YES_ERROR;
				CLANG_WARN_RANGE_LOOP_ANALYSIS = YES;
				CLANG_WARN_STRICT_PROTOTYPES = YES;
				CLANG_WARN_SUSPICIOUS_MOVE = YES;
				CLANG_WARN_UNGUARDED_AVAILABILITY = YES_AGGRESSIVE;
				CLANG_WARN_UNREACHABLE_CODE = YES;
				CLANG_WARN__DUPLICATE_METHOD_MATCH = YES;
				COPY_PHASE_STRIP = NO;
				DEBUG_INFORMATION_FORMAT = "dwarf-with-dsym";
				ENABLE_NS_ASSERTIONS = NO;
				ENABLE_STRICT_OBJC_MSGSEND = YES;
				GCC_C_LANGUAGE_STANDARD = gnu11;
				GCC_NO_COMMON_BLOCKS = YES;
				GCC_WARN_64_TO_32_BIT_CONVERSION = YES;
				GCC_WARN_ABOUT_RETURN_TYPE = YES_ERROR;
				GCC_WARN_UNDECLARED_SELECTOR = YES;
				GCC_WARN_UNINITIALIZED_AUTOS = YES_AGGRESSIVE;
				GCC_WARN_UNUSED_FUNCTION = YES;
				GCC_WARN_UNUSED_VARIABLE = YES;
				IPHONEOS_DEPLOYMENT_TARGET = 13.1;
				MTL_ENABLE_DEBUG_INFO = NO;
				MTL_FAST_MATH = YES;
				SDKROOT = iphoneos;
				SWIFT_COMPILATION_MODE = wholemodule;
				SWIFT_OPTIMIZATION_LEVEL = "-O";
				VALIDATE_PRODUCT = YES;
			};
			name = Release;
		};
		6D611F9123EF45CE0080DAEE /* Debug */ = {
			isa = XCBuildConfiguration;
			buildSettings = {
				ASSETCATALOG_COMPILER_APPICON_NAME = AppIcon;
				CODE_SIGN_STYLE = Automatic;
				INFOPLIST_FILE = Flashcard/Info.plist;
				LD_RUNPATH_SEARCH_PATHS = (
					"$(inherited)",
					"@executable_path/Frameworks",
				);
				PRODUCT_BUNDLE_IDENTIFIER = com.justingalang.Flashcard;
				PRODUCT_NAME = "$(TARGET_NAME)";
				SWIFT_VERSION = 5.0;
				TARGETED_DEVICE_FAMILY = "1,2";
			};
			name = Debug;
		};
		6D611F9223EF45CE0080DAEE /* Release */ = {
			isa = XCBuildConfiguration;
			buildSettings = {
				ASSETCATALOG_COMPILER_APPICON_NAME = AppIcon;
				CODE_SIGN_STYLE = Automatic;
				INFOPLIST_FILE = Flashcard/Info.plist;
				LD_RUNPATH_SEARCH_PATHS = (
					"$(inherited)",
					"@executable_path/Frameworks",
				);
				PRODUCT_BUNDLE_IDENTIFIER = com.justingalang.Flashcard;
				PRODUCT_NAME = "$(TARGET_NAME)";
				SWIFT_VERSION = 5.0;
				TARGETED_DEVICE_FAMILY = "1,2";
			};
			name = Release;
		};
/* End XCBuildConfiguration section */

/* Begin XCConfigurationList section */
		6D611F7723EF45CB0080DAEE /* Build configuration list for PBXProject "Flashcard" */ = {
			isa = XCConfigurationList;
			buildConfigurations = (
				6D611F8E23EF45CE0080DAEE /* Debug */,
				6D611F8F23EF45CE0080DAEE /* Release */,
			);
			defaultConfigurationIsVisible = 0;
			defaultConfigurationName = Release;
		};
		6D611F9023EF45CE0080DAEE /* Build configuration list for PBXNativeTarget "Flashcard" */ = {
			isa = XCConfigurationList;
			buildConfigurations = (
				6D611F9123EF45CE0080DAEE /* Debug */,
				6D611F9223EF45CE0080DAEE /* Release */,
			);
			defaultConfigurationIsVisible = 0;
			defaultConfigurationName = Release;
		};
/* End XCConfigurationList section */
	};
	rootObject = 6D611F7423EF45CB0080DAEE /* Project object */;
}
